
Microsoft Visual Studio Solution File, Format Version 12.00
# Visual Studio 15
VisualStudioVersion = 15.0.28307.902
MinimumVisualStudioVersion = 10.0.40219.1
Project("{FAE04EC0-301F-11D3-BF4B-00C04F79EFBC}") = "MicrodotSampleService", "MicrodotSampleService\MicrodotSampleService.csproj", "{60C4D9C0-937B-4ACD-B307-6B0C6647A350}"
EndProject
Global
	GlobalSection(SolutionConfigurationPlatforms) = preSolution
		Debug|Any CPU = Debug|Any CPU
		Release|Any CPU = Release|Any CPU
	EndGlobalSection
	GlobalSection(ProjectConfigurationPlatforms) = postSolution
		{60C4D9C0-937B-4ACD-B307-6B0C6647A350}.Debug|Any CPU.ActiveCfg = Debug|Any CPU
		{60C4D9C0-937B-4ACD-B307-6B0C6647A350}.Debug|Any CPU.Build.0 = Debug|Any CPU
		{60C4D9C0-937B-4ACD-B307-6B0C6647A350}.Release|Any CPU.ActiveCfg = Release|Any CPU
		{60C4D9C0-937B-4ACD-B307-6B0C6647A350}.Release|Any CPU.Build.0 = Release|Any CPU
	EndGlobalSection
	GlobalSection(SolutionProperties) = preSolution
		HideSolutionNode = FALSE
	EndGlobalSection
	GlobalSection(ExtensibilityGlobals) = postSolution
		SolutionGuid = {3762EF43-96C4-444A-B305-667AE373C80C}
	EndGlobalSection
EndGlobal
